
Microsoft Visual Studio Solution File, Format Version 12.00
# Visual Studio Version 16
VisualStudioVersion = 16.0.30611.23
MinimumVisualStudioVersion = 10.0.40219.1
Project("{FAE04EC0-301F-11D3-BF4B-00C04F79EFBC}") = "MethodsOefenen", "MethodsOefenen\MethodsOefenen.csproj", "{1E1793A7-AC63-4A6E-9ADF-8064745DB57B}"
EndProject
Project("{FAE04EC0-301F-11D3-BF4B-00C04F79EFBC}") = "MethodOefeningTwee", "MethodOefeningTwee\MethodOefeningTwee.csproj", "{93E380A0-C0C1-40BC-9C84-F74AD86054A0}"
EndProject
Project("{FAE04EC0-301F-11D3-BF4B-00C04F79EFBC}") = "MethodsOefeningDrie", "MethodsOefeningDrie\MethodsOefeningDrie.csproj", "{6361BEC7-D294-4E37-906C-447C8B26BC94}"
EndProject
Global
	GlobalSection(SolutionConfigurationPlatforms) = preSolution
		Debug|Any CPU = Debug|Any CPU
		Release|Any CPU = Release|Any CPU
	EndGlobalSection
	GlobalSection(ProjectConfigurationPlatforms) = postSolution
		{1E1793A7-AC63-4A6E-9ADF-8064745DB57B}.Debug|Any CPU.ActiveCfg = Debug|Any CPU
		{1E1793A7-AC63-4A6E-9ADF-8064745DB57B}.Debug|Any CPU.Build.0 = Debug|Any CPU
		{1E1793A7-AC63-4A6E-9ADF-8064745DB57B}.Release|Any CPU.ActiveCfg = Release|Any CPU
		{1E1793A7-AC63-4A6E-9ADF-8064745DB57B}.Release|Any CPU.Build.0 = Release|Any CPU
		{93E380A0-C0C1-40BC-9C84-F74AD86054A0}.Debug|Any CPU.ActiveCfg = Debug|Any CPU
		{93E380A0-C0C1-40BC-9C84-F74AD86054A0}.Debug|Any CPU.Build.0 = Debug|Any CPU
		{93E380A0-C0C1-40BC-9C84-F74AD86054A0}.Release|Any CPU.ActiveCfg = Release|Any CPU
		{93E380A0-C0C1-40BC-9C84-F74AD86054A0}.Release|Any CPU.Build.0 = Release|Any CPU
		{6361BEC7-D294-4E37-906C-447C8B26BC94}.Debug|Any CPU.ActiveCfg = Debug|Any CPU
		{6361BEC7-D294-4E37-906C-447C8B26BC94}.Debug|Any CPU.Build.0 = Debug|Any CPU
		{6361BEC7-D294-4E37-906C-447C8B26BC94}.Release|Any CPU.ActiveCfg = Release|Any CPU
		{6361BEC7-D294-4E37-906C-447C8B26BC94}.Release|Any CPU.Build.0 = Release|Any CPU
	EndGlobalSection
	GlobalSection(SolutionProperties) = preSolution
		HideSolutionNode = FALSE
	EndGlobalSection
	GlobalSection(ExtensibilityGlobals) = postSolution
		SolutionGuid = {6927966F-06F4-4B2E-9257-87C05FBEBC08}
	EndGlobalSection
EndGlobal
